{
  "version": "5",
  "specifiers": {
    "jsr:@std/async@^1.0.13": "1.0.13",
    "jsr:@std/cli@^1.0.17": "1.0.17"
  },
  "jsr": {
    "@std/async@1.0.13": {
      "integrity": "1d76ca5d324aef249908f7f7fe0d39aaf53198e5420604a59ab5c035adc97c96"
    },
    "@std/cli@1.0.17": {
      "integrity": "e15b9abe629e17be90cc6216327f03a29eae613365f1353837fa749aad29ce7b"
    }
  },
  "workspace": {
    "dependencies": [
      "jsr:@std/assert@1",
      "jsr:@std/async@^1.0.13",
      "jsr:@std/cli@^1.0.17",
      "jsr:@std/uuid@^1.0.7"
    ]
  }
}
